// !$*UTF8*$!
{
	archiveVersion = 1;
	classes = {
	};
	objectVersion = 50;
	objects = {

/* Begin PBXBuildFile section */
		37004CA123F0AE1B00D7F1DB /* AppDelegate.swift in Sources */ = {isa = PBXBuildFile; fileRef = 37004CA023F0AE1B00D7F1DB /* AppDelegate.swift */; };
		37004CA323F0AE1B00D7F1DB /* SceneDelegate.swift in Sources */ = {isa = PBXBuildFile; fileRef = 37004CA223F0AE1B00D7F1DB /* SceneDelegate.swift */; };
		37004CA523F0AE1B00D7F1DB /* ViewController.swift in Sources */ = {isa = PBXBuildFile; fileRef = 37004CA423F0AE1B00D7F1DB /* ViewController.swift */; };
		37004CA823F0AE1B00D7F1DB /* Main.storyboard in Resources */ = {isa = PBXBuildFile; fileRef = 37004CA623F0AE1B00D7F1DB /* Main.storyboard */; };
		37004CAA23F0AE1E00D7F1DB /* Assets.xcassets in Resources */ = {isa = PBXBuildFile; fileRef = 37004CA923F0AE1E00D7F1DB /* Assets.xcassets */; };
		37004CAD23F0AE1E00D7F1DB /* LaunchScreen.storyboard in Resources */ = {isa = PBXBuildFile; fileRef = 37004CAB23F0AE1E00D7F1DB /* LaunchScreen.storyboard */; };
		37305911247066E300C903D2 /* User.swift in Sources */ = {isa = PBXBuildFile; fileRef = 37305910247066E300C903D2 /* User.swift */; };
		3730591324706A0200C903D2 /* HomeViewController.swift in Sources */ = {isa = PBXBuildFile; fileRef = 3730591224706A0200C903D2 /* HomeViewController.swift */; };
		373059152470726700C903D2 /* FeedViewController.swift in Sources */ = {isa = PBXBuildFile; fileRef = 373059142470726700C903D2 /* FeedViewController.swift */; };
		373059172470746F00C903D2 /* Gap.swift in Sources */ = {isa = PBXBuildFile; fileRef = 373059162470746F00C903D2 /* Gap.swift */; };
		373FA40A247076D60045A504 /* EntryViewController.swift in Sources */ = {isa = PBXBuildFile; fileRef = 373FA409247076D60045A504 /* EntryViewController.swift */; };
		373FA40C247077FD0045A504 /* QuizViewController.swift in Sources */ = {isa = PBXBuildFile; fileRef = 373FA40B247077FC0045A504 /* QuizViewController.swift */; };
		F65DC04D24CD2624009F3D25 /* ProfileViewController.swift in Sources */ = {isa = PBXBuildFile; fileRef = F65DC04C24CD2624009F3D25 /* ProfileViewController.swift */; };
		F66F65EB25526CE80046235E /* InstructionsViewController.swift in Sources */ = {isa = PBXBuildFile; fileRef = F66F65EA25526CE80046235E /* InstructionsViewController.swift */; };
		F6AADFDA24DF23FB00800E88 /* CircularProgressBar.swift in Sources */ = {isa = PBXBuildFile; fileRef = F6AADFD924DF23FA00800E88 /* CircularProgressBar.swift */; };
		F6B2C2B625524614002F7362 /* Poppins-Light.ttf in Resources */ = {isa = PBXBuildFile; fileRef = F6B2C2B325524614002F7362 /* Poppins-Light.ttf */; };
		F6B2C2B725524614002F7362 /* Poppins-Italic.ttf in Resources */ = {isa = PBXBuildFile; fileRef = F6B2C2B425524614002F7362 /* Poppins-Italic.ttf */; };
		F6B2C2B825524614002F7362 /* Poppins-LightItalic.ttf in Resources */ = {isa = PBXBuildFile; fileRef = F6B2C2B525524614002F7362 /* Poppins-LightItalic.ttf */; };
		F6B2C2BC2552461F002F7362 /* Poppins-Regular.ttf in Resources */ = {isa = PBXBuildFile; fileRef = F6B2C2BA2552461F002F7362 /* Poppins-Regular.ttf */; };
		F6B2C2BD2552461F002F7362 /* Poppins-SemiBold.ttf in Resources */ = {isa = PBXBuildFile; fileRef = F6B2C2BB2552461F002F7362 /* Poppins-SemiBold.ttf */; };
		F6B2C2C12552462D002F7362 /* Poppins-ExtraLight.ttf in Resources */ = {isa = PBXBuildFile; fileRef = F6B2C2BF2552462D002F7362 /* Poppins-ExtraLight.ttf */; };
		F6B2C2C22552462D002F7362 /* Poppins-ExtraLightItalic.ttf in Resources */ = {isa = PBXBuildFile; fileRef = F6B2C2C02552462D002F7362 /* Poppins-ExtraLightItalic.ttf */; };
		F6DF9F8F247F901B00600250 /* EntryCell.swift in Sources */ = {isa = PBXBuildFile; fileRef = F6DF9F8E247F901B00600250 /* EntryCell.swift */; };
		F6FDA5C1247F988D0014AE0F /* GapTableViewController.swift in Sources */ = {isa = PBXBuildFile; fileRef = F6FDA5C0247F988D0014AE0F /* GapTableViewController.swift */; };
/* End PBXBuildFile section */

/* Begin PBXFileReference section */
		37004C9D23F0AE1B00D7F1DB /* QueensProject.app */ = {isa = PBXFileReference; explicitFileType = wrapper.application; includeInIndex = 0; path = QueensProject.app; sourceTree = BUILT_PRODUCTS_DIR; };
		37004CA023F0AE1B00D7F1DB /* AppDelegate.swift */ = {isa = PBXFileReference; lastKnownFileType = sourcecode.swift; path = AppDelegate.swift; sourceTree = "<group>"; };
		37004CA223F0AE1B00D7F1DB /* SceneDelegate.swift */ = {isa = PBXFileReference; lastKnownFileType = sourcecode.swift; path = SceneDelegate.swift; sourceTree = "<group>"; };
		37004CA423F0AE1B00D7F1DB /* ViewController.swift */ = {isa = PBXFileReference; lastKnownFileType = sourcecode.swift; path = ViewController.swift; sourceTree = "<group>"; };
		37004CA723F0AE1B00D7F1DB /* Base */ = {isa = PBXFileReference; lastKnownFileType = file.storyboard; name = Base; path = Base.lproj/Main.storyboard; sourceTree = "<group>"; };
		37004CA923F0AE1E00D7F1DB /* Assets.xcassets */ = {isa = PBXFileReference; lastKnownFileType = folder.assetcatalog; path = Assets.xcassets; sourceTree = "<group>"; };
		37004CAC23F0AE1E00D7F1DB /* Base */ = {isa = PBXFileReference; lastKnownFileType = file.storyboard; name = Base; path = Base.lproj/LaunchScreen.storyboard; sourceTree = "<group>"; };
		37004CAE23F0AE1E00D7F1DB /* Info.plist */ = {isa = PBXFileReference; lastKnownFileType = text.plist.xml; path = Info.plist; sourceTree = "<group>"; };
		37305910247066E300C903D2 /* User.swift */ = {isa = PBXFileReference; lastKnownFileType = sourcecode.swift; path = User.swift; sourceTree = "<group>"; };
		3730591224706A0200C903D2 /* HomeViewController.swift */ = {isa = PBXFileReference; lastKnownFileType = sourcecode.swift; path = HomeViewController.swift; sourceTree = "<group>"; };
		373059142470726700C903D2 /* FeedViewController.swift */ = {isa = PBXFileReference; lastKnownFileType = sourcecode.swift; path = FeedViewController.swift; sourceTree = "<group>"; };
		373059162470746F00C903D2 /* Gap.swift */ = {isa = PBXFileReference; lastKnownFileType = sourcecode.swift; path = Gap.swift; sourceTree = "<group>"; };
		373FA409247076D60045A504 /* EntryViewController.swift */ = {isa = PBXFileReference; lastKnownFileType = sourcecode.swift; path = EntryViewController.swift; sourceTree = "<group>"; };
		373FA40B247077FC0045A504 /* QuizViewController.swift */ = {isa = PBXFileReference; lastKnownFileType = sourcecode.swift; path = QuizViewController.swift; sourceTree = "<group>"; };
		F65DC04C24CD2624009F3D25 /* ProfileViewController.swift */ = {isa = PBXFileReference; lastKnownFileType = sourcecode.swift; path = ProfileViewController.swift; sourceTree = "<group>"; };
		F66F65EA25526CE80046235E /* InstructionsViewController.swift */ = {isa = PBXFileReference; lastKnownFileType = sourcecode.swift; path = InstructionsViewController.swift; sourceTree = "<group>"; };
		F6AADFD924DF23FA00800E88 /* CircularProgressBar.swift */ = {isa = PBXFileReference; lastKnownFileType = sourcecode.swift; path = CircularProgressBar.swift; sourceTree = "<group>"; };
		F6B2C2B325524614002F7362 /* Poppins-Light.ttf */ = {isa = PBXFileReference; lastKnownFileType = file; name = "Poppins-Light.ttf"; path = "QueensProject/Poppins/Poppins-Light.ttf"; sourceTree = SOURCE_ROOT; };
		F6B2C2B425524614002F7362 /* Poppins-Italic.ttf */ = {isa = PBXFileReference; lastKnownFileType = file; name = "Poppins-Italic.ttf"; path = "QueensProject/Poppins/Poppins-Italic.ttf"; sourceTree = SOURCE_ROOT; };
		F6B2C2B525524614002F7362 /* Poppins-LightItalic.ttf */ = {isa = PBXFileReference; lastKnownFileType = file; name = "Poppins-LightItalic.ttf"; path = "QueensProject/Poppins/Poppins-LightItalic.ttf"; sourceTree = SOURCE_ROOT; };
		F6B2C2BA2552461F002F7362 /* Poppins-Regular.ttf */ = {isa = PBXFileReference; lastKnownFileType = file; name = "Poppins-Regular.ttf"; path = "QueensProject/Poppins/Poppins-Regular.ttf"; sourceTree = SOURCE_ROOT; };
		F6B2C2BB2552461F002F7362 /* Poppins-SemiBold.ttf */ = {isa = PBXFileReference; lastKnownFileType = file; name = "Poppins-SemiBold.ttf"; path = "QueensProject/Poppins/Poppins-SemiBold.ttf"; sourceTree = SOURCE_ROOT; };
		F6B2C2BF2552462D002F7362 /* Poppins-ExtraLight.ttf */ = {isa = PBXFileReference; lastKnownFileType = file; name = "Poppins-ExtraLight.ttf"; path = "QueensProject/Poppins/Poppins-ExtraLight.ttf"; sourceTree = SOURCE_ROOT; };
		F6B2C2C02552462D002F7362 /* Poppins-ExtraLightItalic.ttf */ = {isa = PBXFileReference; lastKnownFileType = file; name = "Poppins-ExtraLightItalic.ttf"; path = "QueensProject/Poppins/Poppins-ExtraLightItalic.ttf"; sourceTree = SOURCE_ROOT; };
		F6DF9F8E247F901B00600250 /* EntryCell.swift */ = {isa = PBXFileReference; lastKnownFileType = sourcecode.swift; name = EntryCell.swift; path = ViewControllers/EntryCell.swift; sourceTree = "<group>"; };
		F6FDA5C0247F988D0014AE0F /* GapTableViewController.swift */ = {isa = PBXFileReference; lastKnownFileType = sourcecode.swift; path = GapTableViewController.swift; sourceTree = "<group>"; };
/* End PBXFileReference section */

/* Begin PBXFrameworksBuildPhase section */
		37004C9A23F0AE1B00D7F1DB /* Frameworks */ = {
			isa = PBXFrameworksBuildPhase;
			buildActionMask = 2147483647;
			files = (
			);
			runOnlyForDeploymentPostprocessing = 0;
		};
/* End PBXFrameworksBuildPhase section */

/* Begin PBXGroup section */
		37004C9423F0AE1B00D7F1DB = {
			isa = PBXGroup;
			children = (
				37004C9F23F0AE1B00D7F1DB /* QueensProject */,
				37004C9E23F0AE1B00D7F1DB /* Products */,
			);
			sourceTree = "<group>";
		};
		37004C9E23F0AE1B00D7F1DB /* Products */ = {
			isa = PBXGroup;
			children = (
				37004C9D23F0AE1B00D7F1DB /* QueensProject.app */,
			);
			name = Products;
			sourceTree = "<group>";
		};
		37004C9F23F0AE1B00D7F1DB /* QueensProject */ = {
			isa = PBXGroup;
			children = (
				F6B2C2B2255245CC002F7362 /* Fonts */,
				3730590F24705B5900C903D2 /* Models */,
				3730590E24705B4C00C903D2 /* ViewControllers */,
				37004CA023F0AE1B00D7F1DB /* AppDelegate.swift */,
				37004CA223F0AE1B00D7F1DB /* SceneDelegate.swift */,
				37004CA623F0AE1B00D7F1DB /* Main.storyboard */,
				F6DF9F8E247F901B00600250 /* EntryCell.swift */,
				37004CA923F0AE1E00D7F1DB /* Assets.xcassets */,
				37004CAB23F0AE1E00D7F1DB /* LaunchScreen.storyboard */,
				37004CAE23F0AE1E00D7F1DB /* Info.plist */,
			);
			path = QueensProject;
			sourceTree = "<group>";
		};
		3730590E24705B4C00C903D2 /* ViewControllers */ = {
			isa = PBXGroup;
			children = (
				37004CA423F0AE1B00D7F1DB /* ViewController.swift */,
				3730591224706A0200C903D2 /* HomeViewController.swift */,
				373059142470726700C903D2 /* FeedViewController.swift */,
				373FA409247076D60045A504 /* EntryViewController.swift */,
				373FA40B247077FC0045A504 /* QuizViewController.swift */,
				F6FDA5C0247F988D0014AE0F /* GapTableViewController.swift */,
				F65DC04C24CD2624009F3D25 /* ProfileViewController.swift */,
				F66F65EA25526CE80046235E /* InstructionsViewController.swift */,
			);
			path = ViewControllers;
			sourceTree = "<group>";
		};
		3730590F24705B5900C903D2 /* Models */ = {
			isa = PBXGroup;
			children = (
				37305910247066E300C903D2 /* User.swift */,
				373059162470746F00C903D2 /* Gap.swift */,
				F6AADFD924DF23FA00800E88 /* CircularProgressBar.swift */,
			);
			path = Models;
			sourceTree = "<group>";
		};
		F6B2C2B2255245CC002F7362 /* Fonts */ = {
			isa = PBXGroup;
			children = (
				F6B2C2BF2552462D002F7362 /* Poppins-ExtraLight.ttf */,
				F6B2C2C02552462D002F7362 /* Poppins-ExtraLightItalic.ttf */,
				F6B2C2BA2552461F002F7362 /* Poppins-Regular.ttf */,
				F6B2C2BB2552461F002F7362 /* Poppins-SemiBold.ttf */,
				F6B2C2B425524614002F7362 /* Poppins-Italic.ttf */,
				F6B2C2B325524614002F7362 /* Poppins-Light.ttf */,
				F6B2C2B525524614002F7362 /* Poppins-LightItalic.ttf */,
			);
			path = Fonts;
			sourceTree = "<group>";
		};
/* End PBXGroup section */

/* Begin PBXNativeTarget section */
		37004C9C23F0AE1B00D7F1DB /* QueensProject */ = {
			isa = PBXNativeTarget;
			buildConfigurationList = 37004CB123F0AE1E00D7F1DB /* Build configuration list for PBXNativeTarget "QueensProject" */;
			buildPhases = (
				37004C9923F0AE1B00D7F1DB /* Sources */,
				37004C9A23F0AE1B00D7F1DB /* Frameworks */,
				37004C9B23F0AE1B00D7F1DB /* Resources */,
			);
			buildRules = (
			);
			dependencies = (
			);
			name = QueensProject;
			productName = QueensProject;
			productReference = 37004C9D23F0AE1B00D7F1DB /* QueensProject.app */;
			productType = "com.apple.product-type.application";
		};
/* End PBXNativeTarget section */

/* Begin PBXProject section */
		37004C9523F0AE1B00D7F1DB /* Project object */ = {
			isa = PBXProject;
			attributes = {
				LastSwiftUpdateCheck = 1130;
				LastUpgradeCheck = 1130;
				ORGANIZATIONNAME = "Nick Huang";
				TargetAttributes = {
					37004C9C23F0AE1B00D7F1DB = {
						CreatedOnToolsVersion = 11.3.1;
					};
				};
			};
			buildConfigurationList = 37004C9823F0AE1B00D7F1DB /* Build configuration list for PBXProject "QueensProject" */;
			compatibilityVersion = "Xcode 9.3";
			developmentRegion = en;
			hasScannedForEncodings = 0;
			knownRegions = (
				en,
				Base,
			);
			mainGroup = 37004C9423F0AE1B00D7F1DB;
			productRefGroup = 37004C9E23F0AE1B00D7F1DB /* Products */;
			projectDirPath = "";
			projectRoot = "";
			targets = (
				37004C9C23F0AE1B00D7F1DB /* QueensProject */,
			);
		};
/* End PBXProject section */

/* Begin PBXResourcesBuildPhase section */
		37004C9B23F0AE1B00D7F1DB /* Resources */ = {
			isa = PBXResourcesBuildPhase;
			buildActionMask = 2147483647;
			files = (
				37004CAD23F0AE1E00D7F1DB /* LaunchScreen.storyboard in Resources */,
				F6B2C2B825524614002F7362 /* Poppins-LightItalic.ttf in Resources */,
				F6B2C2C22552462D002F7362 /* Poppins-ExtraLightItalic.ttf in Resources */,
				F6B2C2BC2552461F002F7362 /* Poppins-Regular.ttf in Resources */,
				F6B2C2C12552462D002F7362 /* Poppins-ExtraLight.ttf in Resources */,
				37004CAA23F0AE1E00D7F1DB /* Assets.xcassets in Resources */,
				37004CA823F0AE1B00D7F1DB /* Main.storyboard in Resources */,
				F6B2C2BD2552461F002F7362 /* Poppins-SemiBold.ttf in Resources */,
				F6B2C2B725524614002F7362 /* Poppins-Italic.ttf in Resources */,
				F6B2C2B625524614002F7362 /* Poppins-Light.ttf in Resources */,
			);
			runOnlyForDeploymentPostprocessing = 0;
		};
/* End PBXResourcesBuildPhase section */

/* Begin PBXSourcesBuildPhase section */
		37004C9923F0AE1B00D7F1DB /* Sources */ = {
			isa = PBXSourcesBuildPhase;
			buildActionMask = 2147483647;
			files = (
				3730591324706A0200C903D2 /* HomeViewController.swift in Sources */,
				37305911247066E300C903D2 /* User.swift in Sources */,
				373059172470746F00C903D2 /* Gap.swift in Sources */,
				37004CA523F0AE1B00D7F1DB /* ViewController.swift in Sources */,
				37004CA123F0AE1B00D7F1DB /* AppDelegate.swift in Sources */,
				373FA40A247076D60045A504 /* EntryViewController.swift in Sources */,
				F65DC04D24CD2624009F3D25 /* ProfileViewController.swift in Sources */,
				F6DF9F8F247F901B00600250 /* EntryCell.swift in Sources */,
				F6FDA5C1247F988D0014AE0F /* GapTableViewController.swift in Sources */,
				373FA40C247077FD0045A504 /* QuizViewController.swift in Sources */,
				373059152470726700C903D2 /* FeedViewController.swift in Sources */,
				37004CA323F0AE1B00D7F1DB /* SceneDelegate.swift in Sources */,
				F66F65EB25526CE80046235E /* InstructionsViewController.swift in Sources */,
				F6AADFDA24DF23FB00800E88 /* CircularProgressBar.swift in Sources */,
			);
			runOnlyForDeploymentPostprocessing = 0;
		};
/* End PBXSourcesBuildPhase section */

/* Begin PBXVariantGroup section */
		37004CA623F0AE1B00D7F1DB /* Main.storyboard */ = {
			isa = PBXVariantGroup;
			children = (
				37004CA723F0AE1B00D7F1DB /* Base */,
			);
			name = Main.storyboard;
			sourceTree = "<group>";
		};
		37004CAB23F0AE1E00D7F1DB /* LaunchScreen.storyboard */ = {
			isa = PBXVariantGroup;
			children = (
				37004CAC23F0AE1E00D7F1DB /* Base */,
			);
			name = LaunchScreen.storyboard;
			sourceTree = "<group>";
		};
/* End PBXVariantGroup section */

/* Begin XCBuildConfiguration section */
		37004CAF23F0AE1E00D7F1DB /* Debug */ = {
			isa = XCBuildConfiguration;
			buildSettings = {
				ALWAYS_SEARCH_USER_PATHS = NO;
				CLANG_ANALYZER_NONNULL = YES;
				CLANG_ANALYZER_NUMBER_OBJECT_CONVERSION = YES_AGGRESSIVE;
				CLANG_CXX_LANGUAGE_STANDARD = "gnu++14";
				CLANG_CXX_LIBRARY = "libc++";
				CLANG_ENABLE_MODULES = YES;
				CLANG_ENABLE_OBJC_ARC = YES;
				CLANG_ENABLE_OBJC_WEAK = YES;
				CLANG_WARN_BLOCK_CAPTURE_AUTORELEASING = YES;
				CLANG_WARN_BOOL_CONVERSION = YES;
				CLANG_WARN_COMMA = YES;
				CLANG_WARN_CONSTANT_CONVERSION = YES;
				CLANG_WARN_DEPRECATED_OBJC_IMPLEMENTATIONS = YES;
				CLANG_WARN_DIRECT_OBJC_ISA_USAGE = YES_ERROR;
				CLANG_WARN_DOCUMENTATION_COMMENTS = YES;
				CLANG_WARN_EMPTY_BODY = YES;
				CLANG_WARN_ENUM_CONVERSION = YES;
				CLANG_WARN_INFINITE_RECURSION = YES;
				CLANG_WARN_INT_CONVERSION = YES;
				CLANG_WARN_NON_LITERAL_NULL_CONVERSION = YES;
				CLANG_WARN_OBJC_IMPLICIT_RETAIN_SELF = YES;
				CLANG_WARN_OBJC_LITERAL_CONVERSION = YES;
				CLANG_WARN_OBJC_ROOT_CLASS = YES_ERROR;
				CLANG_WARN_RANGE_LOOP_ANALYSIS = YES;
				CLANG_WARN_STRICT_PROTOTYPES = YES;
				CLANG_WARN_SUSPICIOUS_MOVE = YES;
				CLANG_WARN_UNGUARDED_AVAILABILITY = YES_AGGRESSIVE;
				CLANG_WARN_UNREACHABLE_CODE = YES;
				CLANG_WARN__DUPLICATE_METHOD_MATCH = YES;
				COPY_PHASE_STRIP = NO;
				DEBUG_INFORMATION_FORMAT = dwarf;
				ENABLE_STRICT_OBJC_MSGSEND = YES;
				ENABLE_TESTABILITY = YES;
				GCC_C_LANGUAGE_STANDARD = gnu11;
				GCC_DYNAMIC_NO_PIC = NO;
				GCC_NO_COMMON_BLOCKS = YES;
				GCC_OPTIMIZATION_LEVEL = 0;
				GCC_PREPROCESSOR_DEFINITIONS = (
					"DEBUG=1",
					"$(inherited)",
				);
				GCC_WARN_64_TO_32_BIT_CONVERSION = YES;
				GCC_WARN_ABOUT_RETURN_TYPE = YES_ERROR;
				GCC_WARN_UNDECLARED_SELECTOR = YES;
				GCC_WARN_UNINITIALIZED_AUTOS = YES_AGGRESSIVE;
				GCC_WARN_UNUSED_FUNCTION = YES;
				GCC_WARN_UNUSED_VARIABLE = YES;
				IPHONEOS_DEPLOYMENT_TARGET = 13.2;
				MTL_ENABLE_DEBUG_INFO = INCLUDE_SOURCE;
				MTL_FAST_MATH = YES;
				ONLY_ACTIVE_ARCH = YES;
				SDKROOT = iphoneos;
				SWIFT_ACTIVE_COMPILATION_CONDITIONS = DEBUG;
				SWIFT_OPTIMIZATION_LEVEL = "-Onone";
			};
			name = Debug;
		};
		37004CB023F0AE1E00D7F1DB /* Release */ = {
			isa = XCBuildConfiguration;
			buildSettings = {
				ALWAYS_SEARCH_USER_PATHS = NO;
				CLANG_ANALYZER_NONNULL = YES;
				CLANG_ANALYZER_NUMBER_OBJECT_CONVERSION = YES_AGGRESSIVE;
				CLANG_CXX_LANGUAGE_STANDARD = "gnu++14";
				CLANG_CXX_LIBRARY = "libc++";
				CLANG_ENABLE_MODULES = YES;
				CLANG_ENABLE_OBJC_ARC = YES;
				CLANG_ENABLE_OBJC_WEAK = YES;
				CLANG_WARN_BLOCK_CAPTURE_AUTORELEASING = YES;
				CLANG_WARN_BOOL_CONVERSION = YES;
				CLANG_WARN_COMMA = YES;
				CLANG_WARN_CONSTANT_CONVERSION = YES;
				CLANG_WARN_DEPRECATED_OBJC_IMPLEMENTATIONS = YES;
				CLANG_WARN_DIRECT_OBJC_ISA_USAGE = YES_ERROR;
				CLANG_WARN_DOCUMENTATION_COMMENTS = YES;
				CLANG_WARN_EMPTY_BODY = YES;
				CLANG_WARN_ENUM_CONVERSION = YES;
				CLANG_WARN_INFINITE_RECURSION = YES;
				CLANG_WARN_INT_CONVERSION = YES;
				CLANG_WARN_NON_LITERAL_NULL_CONVERSION = YES;
				CLANG_WARN_OBJC_IMPLICIT_RETAIN_SELF = YES;
				CLANG_WARN_OBJC_LITERAL_CONVERSION = YES;
				CLANG_WARN_OBJC_ROOT_CLASS = YES_ERROR;
				CLANG_WARN_RANGE_LOOP_ANALYSIS = YES;
				CLANG_WARN_STRICT_PROTOTYPES = YES;
				CLANG_WARN_SUSPICIOUS_MOVE = YES;
				CLANG_WARN_UNGUARDED_AVAILABILITY = YES_AGGRESSIVE;
				CLANG_WARN_UNREACHABLE_CODE = YES;
				CLANG_WARN__DUPLICATE_METHOD_MATCH = YES;
				COPY_PHASE_STRIP = NO;
				DEBUG_INFORMATION_FORMAT = "dwarf-with-dsym";
				ENABLE_NS_ASSERTIONS = NO;
				ENABLE_STRICT_OBJC_MSGSEND = YES;
				GCC_C_LANGUAGE_STANDARD = gnu11;
				GCC_NO_COMMON_BLOCKS = YES;
				GCC_WARN_64_TO_32_BIT_CONVERSION = YES;
				GCC_WARN_ABOUT_RETURN_TYPE = YES_ERROR;
				GCC_WARN_UNDECLARED_SELECTOR = YES;
				GCC_WARN_UNINITIALIZED_AUTOS = YES_AGGRESSIVE;
				GCC_WARN_UNUSED_FUNCTION = YES;
				GCC_WARN_UNUSED_VARIABLE = YES;
				IPHONEOS_DEPLOYMENT_TARGET = 13.2;
				MTL_ENABLE_DEBUG_INFO = NO;
				MTL_FAST_MATH = YES;
				SDKROOT = iphoneos;
				SWIFT_COMPILATION_MODE = wholemodule;
				SWIFT_OPTIMIZATION_LEVEL = "-O";
				VALIDATE_PRODUCT = YES;
			};
			name = Release;
		};
		37004CB223F0AE1E00D7F1DB /* Debug */ = {
			isa = XCBuildConfiguration;
			buildSettings = {
				ASSETCATALOG_COMPILER_APPICON_NAME = AppIcon;
				CODE_SIGN_STYLE = Automatic;
				DEVELOPMENT_TEAM = MN2BJ48GPG;
				INFOPLIST_FILE = QueensProject/Info.plist;
				LD_RUNPATH_SEARCH_PATHS = (
					"$(inherited)",
					"@executable_path/Frameworks",
				);
				PRODUCT_BUNDLE_IDENTIFIER = ncchuang.QueensProject;
				PRODUCT_NAME = "$(TARGET_NAME)";
				SWIFT_VERSION = 5.0;
				TARGETED_DEVICE_FAMILY = "1,2";
			};
			name = Debug;
		};
		37004CB323F0AE1E00D7F1DB /* Release */ = {
			isa = XCBuildConfiguration;
			buildSettings = {
				ASSETCATALOG_COMPILER_APPICON_NAME = AppIcon;
				CODE_SIGN_STYLE = Automatic;
				DEVELOPMENT_TEAM = MN2BJ48GPG;
				INFOPLIST_FILE = QueensProject/Info.plist;
				LD_RUNPATH_SEARCH_PATHS = (
					"$(inherited)",
					"@executable_path/Frameworks",
				);
				PRODUCT_BUNDLE_IDENTIFIER = ncchuang.QueensProject;
				PRODUCT_NAME = "$(TARGET_NAME)";
				SWIFT_VERSION = 5.0;
				TARGETED_DEVICE_FAMILY = "1,2";
			};
			name = Release;
		};
/* End XCBuildConfiguration section */

/* Begin XCConfigurationList section */
		37004C9823F0AE1B00D7F1DB /* Build configuration list for PBXProject "QueensProject" */ = {
			isa = XCConfigurationList;
			buildConfigurations = (
				37004CAF23F0AE1E00D7F1DB /* Debug */,
				37004CB023F0AE1E00D7F1DB /* Release */,
			);
			defaultConfigurationIsVisible = 0;
			defaultConfigurationName = Release;
		};
		37004CB123F0AE1E00D7F1DB /* Build configuration list for PBXNativeTarget "QueensProject" */ = {
			isa = XCConfigurationList;
			buildConfigurations = (
				37004CB223F0AE1E00D7F1DB /* Debug */,
				37004CB323F0AE1E00D7F1DB /* Release */,
			);
			defaultConfigurationIsVisible = 0;
			defaultConfigurationName = Release;
		};
/* End XCConfigurationList section */
	};
	rootObject = 37004C9523F0AE1B00D7F1DB /* Project object */;
}
